
Microsoft Visual Studio Solution File, Format Version 12.00
# Visual Studio Version 17
VisualStudioVersion = 17.0.31903.59
MinimumVisualStudioVersion = 10.0.40219.1
Project("{2150E333-8FDC-42A3-9474-1A3956D46DE8}") = "src", "src", "{827E0CD3-B72D-47B6-A68D-7590B98EB39B}"
EndProject
Project("{FAE04EC0-301F-11D3-BF4B-00C04F79EFBC}") = "SAVI.Agent", "src\SAVI.Agent\SAVI.Agent.csproj", "{00F1425D-3ED9-49F2-9598-EC6EDAA5D469}"
EndProject
Project("{FAE04EC0-301F-11D3-BF4B-00C04F79EFBC}") = "SAVI.Api", "src\SAVI.Api\SAVI.Api.csproj", "{FE1CA91B-FF3C-417E-8450-66C52C73E4A0}"
EndProject
Project("{FAE04EC0-301F-11D3-BF4B-00C04F79EFBC}") = "SAVI.Application", "src\SAVI.Application\SAVI.Application.csproj", "{7E62CBF0-4119-49D7-BEC6-F42EC8268E7A}"
EndProject
Project("{FAE04EC0-301F-11D3-BF4B-00C04F79EFBC}") = "SAVI.Core", "src\SAVI.Core\SAVI.Core.csproj", "{F3B6789C-5C21-438E-965C-EC6E149D13C5}"
EndProject
Project("{FAE04EC0-301F-11D3-BF4B-00C04F79EFBC}") = "SAVI.Desktop", "src\SAVI.Desktop\SAVI.Desktop.csproj", "{CA257C04-433D-4D19-B3B8-93D6B86C7901}"
EndProject
Project("{FAE04EC0-301F-11D3-BF4B-00C04F79EFBC}") = "SAVI.Infrastructure", "src\SAVI.Infrastructure\SAVI.Infrastructure.csproj", "{255D67CF-5F3A-4640-8ED8-B68D16963427}"
EndProject
Project("{FAE04EC0-301F-11D3-BF4B-00C04F79EFBC}") = "SAVI.Mobile", "src\SAVI.Mobile\SAVI.Mobile.csproj", "{0CC7A36F-9D57-4540-9A9C-54FCAADEA730}"
EndProject
Project("{FAE04EC0-301F-11D3-BF4B-00C04F79EFBC}") = "SAVI.Tools", "src\SAVI.Tools\SAVI.Tools.csproj", "{A3200774-AB07-4467-A2DC-1A85416AFDDF}"
EndProject
Project("{FAE04EC0-301F-11D3-BF4B-00C04F79EFBC}") = "SAVI.Web", "src\SAVI.Web\SAVI.Web.csproj", "{4D9AF1AB-5152-4AFD-88B7-07C748898814}"
EndProject
Project("{2150E333-8FDC-42A3-9474-1A3956D46DE8}") = "tests", "tests", "{0AB3BF05-4346-4AA6-1389-037BE0695223}"
EndProject
Project("{FAE04EC0-301F-11D3-BF4B-00C04F79EFBC}") = "SAVI.Agent.Tests", "tests\SAVI.Agent.Tests\SAVI.Agent.Tests.csproj", "{D940468E-8BE5-4490-8EA7-8E4B0A4807C0}"
EndProject
Project("{FAE04EC0-301F-11D3-BF4B-00C04F79EFBC}") = "SAVI.Api.Tests", "tests\SAVI.Api.Tests\SAVI.Api.Tests.csproj", "{F4E7BC15-A5EA-4A11-8677-1D9F7248042B}"
EndProject
Project("{FAE04EC0-301F-11D3-BF4B-00C04F79EFBC}") = "SAVI.Application.Tests", "tests\SAVI.Application.Tests\SAVI.Application.Tests.csproj", "{82F79792-83B0-421F-8039-FE00DED29447}"
EndProject
Project("{FAE04EC0-301F-11D3-BF4B-00C04F79EFBC}") = "SAVI.Core.Tests", "tests\SAVI.Core.Tests\SAVI.Core.Tests.csproj", "{E9A333AE-576A-4D15-8DA6-1F347E261D46}"
EndProject
Project("{FAE04EC0-301F-11D3-BF4B-00C04F79EFBC}") = "SAVI.Infrastructure.Tests", "tests\SAVI.Infrastructure.Tests\SAVI.Infrastructure.Tests.csproj", "{B1FBED63-A203-4213-80D7-955A3D414779}"
EndProject
Global
	GlobalSection(SolutionConfigurationPlatforms) = preSolution
		Debug|Any CPU = Debug|Any CPU
		Debug|x64 = Debug|x64
		Debug|x86 = Debug|x86
		Release|Any CPU = Release|Any CPU
		Release|x64 = Release|x64
		Release|x86 = Release|x86
	EndGlobalSection
	GlobalSection(ProjectConfigurationPlatforms) = postSolution
		{00F1425D-3ED9-49F2-9598-EC6EDAA5D469}.Debug|Any CPU.ActiveCfg = Debug|Any CPU
		{00F1425D-3ED9-49F2-9598-EC6EDAA5D469}.Debug|Any CPU.Build.0 = Debug|Any CPU
		{00F1425D-3ED9-49F2-9598-EC6EDAA5D469}.Debug|x64.ActiveCfg = Debug|Any CPU
		{00F1425D-3ED9-49F2-9598-EC6EDAA5D469}.Debug|x64.Build.0 = Debug|Any CPU
		{00F1425D-3ED9-49F2-9598-EC6EDAA5D469}.Debug|x86.ActiveCfg = Debug|Any CPU
		{00F1425D-3ED9-49F2-9598-EC6EDAA5D469}.Debug|x86.Build.0 = Debug|Any CPU
		{00F1425D-3ED9-49F2-9598-EC6EDAA5D469}.Release|Any CPU.ActiveCfg = Release|Any CPU
		{00F1425D-3ED9-49F2-9598-EC6EDAA5D469}.Release|Any CPU.Build.0 = Release|Any CPU
		{00F1425D-3ED9-49F2-9598-EC6EDAA5D469}.Release|x64.ActiveCfg = Release|Any CPU
		{00F1425D-3ED9-49F2-9598-EC6EDAA5D469}.Release|x64.Build.0 = Release|Any CPU
		{00F1425D-3ED9-49F2-9598-EC6EDAA5D469}.Release|x86.ActiveCfg = Release|Any CPU
		{00F1425D-3ED9-49F2-9598-EC6EDAA5D469}.Release|x86.Build.0 = Release|Any CPU
		{FE1CA91B-FF3C-417E-8450-66C52C73E4A0}.Debug|Any CPU.ActiveCfg = Debug|Any CPU
		{FE1CA91B-FF3C-417E-8450-66C52C73E4A0}.Debug|Any CPU.Build.0 = Debug|Any CPU
		{FE1CA91B-FF3C-417E-8450-66C52C73E4A0}.Debug|x64.ActiveCfg = Debug|Any CPU
		{FE1CA91B-FF3C-417E-8450-66C52C73E4A0}.Debug|x64.Build.0 = Debug|Any CPU
		{FE1CA91B-FF3C-417E-8450-66C52C73E4A0}.Debug|x86.ActiveCfg = Debug|Any CPU
		{FE1CA91B-FF3C-417E-8450-66C52C73E4A0}.Debug|x86.Build.0 = Debug|Any CPU
		{FE1CA91B-FF3C-417E-8450-66C52C73E4A0}.Release|Any CPU.ActiveCfg = Release|Any CPU
		{FE1CA91B-FF3C-417E-8450-66C52C73E4A0}.Release|Any CPU.Build.0 = Release|Any CPU
		{FE1CA91B-FF3C-417E-8450-66C52C73E4A0}.Release|x64.ActiveCfg = Release|Any CPU
		{FE1CA91B-FF3C-417E-8450-66C52C73E4A0}.Release|x64.Build.0 = Release|Any CPU
		{FE1CA91B-FF3C-417E-8450-66C52C73E4A0}.Release|x86.ActiveCfg = Release|Any CPU
		{FE1CA91B-FF3C-417E-8450-66C52C73E4A0}.Release|x86.Build.0 = Release|Any CPU
		{7E62CBF0-4119-49D7-BEC6-F42EC8268E7A}.Debug|Any CPU.ActiveCfg = Debug|Any CPU
		{7E62CBF0-4119-49D7-BEC6-F42EC8268E7A}.Debug|Any CPU.Build.0 = Debug|Any CPU
		{7E62CBF0-4119-49D7-BEC6-F42EC8268E7A}.Debug|x64.ActiveCfg = Debug|Any CPU
		{7E62CBF0-4119-49D7-BEC6-F42EC8268E7A}.Debug|x64.Build.0 = Debug|Any CPU
		{7E62CBF0-4119-49D7-BEC6-F42EC8268E7A}.Debug|x86.ActiveCfg = Debug|Any CPU
		{7E62CBF0-4119-49D7-BEC6-F42EC8268E7A}.Debug|x86.Build.0 = Debug|Any CPU
		{7E62CBF0-4119-49D7-BEC6-F42EC8268E7A}.Release|Any CPU.ActiveCfg = Release|Any CPU
		{7E62CBF0-4119-49D7-BEC6-F42EC8268E7A}.Release|Any CPU.Build.0 = Release|Any CPU
		{7E62CBF0-4119-49D7-BEC6-F42EC8268E7A}.Release|x64.ActiveCfg = Release|Any CPU
		{7E62CBF0-4119-49D7-BEC6-F42EC8268E7A}.Release|x64.Build.0 = Release|Any CPU
		{7E62CBF0-4119-49D7-BEC6-F42EC8268E7A}.Release|x86.ActiveCfg = Release|Any CPU
		{7E62CBF0-4119-49D7-BEC6-F42EC8268E7A}.Release|x86.Build.0 = Release|Any CPU
		{F3B6789C-5C21-438E-965C-EC6E149D13C5}.Debug|Any CPU.ActiveCfg = Debug|Any CPU
		{F3B6789C-5C21-438E-965C-EC6E149D13C5}.Debug|Any CPU.Build.0 = Debug|Any CPU
		{F3B6789C-5C21-438E-965C-EC6E149D13C5}.Debug|x64.ActiveCfg = Debug|Any CPU
		{F3B6789C-5C21-438E-965C-EC6E149D13C5}.Debug|x64.Build.0 = Debug|Any CPU
		{F3B6789C-5C21-438E-965C-EC6E149D13C5}.Debug|x86.ActiveCfg = Debug|Any CPU
		{F3B6789C-5C21-438E-965C-EC6E149D13C5}.Debug|x86.Build.0 = Debug|Any CPU
		{F3B6789C-5C21-438E-965C-EC6E149D13C5}.Release|Any CPU.ActiveCfg = Release|Any CPU
		{F3B6789C-5C21-438E-965C-EC6E149D13C5}.Release|Any CPU.Build.0 = Release|Any CPU
		{F3B6789C-5C21-438E-965C-EC6E149D13C5}.Release|x64.ActiveCfg = Release|Any CPU
		{F3B6789C-5C21-438E-965C-EC6E149D13C5}.Release|x64.Build.0 = Release|Any CPU
		{F3B6789C-5C21-438E-965C-EC6E149D13C5}.Release|x86.ActiveCfg = Release|Any CPU
		{F3B6789C-5C21-438E-965C-EC6E149D13C5}.Release|x86.Build.0 = Release|Any CPU
		{CA257C04-433D-4D19-B3B8-93D6B86C7901}.Debug|Any CPU.ActiveCfg = Debug|Any CPU
		{CA257C04-433D-4D19-B3B8-93D6B86C7901}.Debug|Any CPU.Build.0 = Debug|Any CPU
		{CA257C04-433D-4D19-B3B8-93D6B86C7901}.Debug|x64.ActiveCfg = Debug|Any CPU
		{CA257C04-433D-4D19-B3B8-93D6B86C7901}.Debug|x64.Build.0 = Debug|Any CPU
		{CA257C04-433D-4D19-B3B8-93D6B86C7901}.Debug|x86.ActiveCfg = Debug|Any CPU
		{CA257C04-433D-4D19-B3B8-93D6B86C7901}.Debug|x86.Build.0 = Debug|Any CPU
		{CA257C04-433D-4D19-B3B8-93D6B86C7901}.Release|Any CPU.ActiveCfg = Release|Any CPU
		{CA257C04-433D-4D19-B3B8-93D6B86C7901}.Release|Any CPU.Build.0 = Release|Any CPU
		{CA257C04-433D-4D19-B3B8-93D6B86C7901}.Release|x64.ActiveCfg = Release|Any CPU
		{CA257C04-433D-4D19-B3B8-93D6B86C7901}.Release|x64.Build.0 = Release|Any CPU
		{CA257C04-433D-4D19-B3B8-93D6B86C7901}.Release|x86.ActiveCfg = Release|Any CPU
		{CA257C04-433D-4D19-B3B8-93D6B86C7901}.Release|x86.Build.0 = Release|Any CPU
		{255D67CF-5F3A-4640-8ED8-B68D16963427}.Debug|Any CPU.ActiveCfg = Debug|Any CPU
		{255D67CF-5F3A-4640-8ED8-B68D16963427}.Debug|Any CPU.Build.0 = Debug|Any CPU
		{255D67CF-5F3A-4640-8ED8-B68D16963427}.Debug|x64.ActiveCfg = Debug|Any CPU
		{255D67CF-5F3A-4640-8ED8-B68D16963427}.Debug|x64.Build.0 = Debug|Any CPU
		{255D67CF-5F3A-4640-8ED8-B68D16963427}.Debug|x86.ActiveCfg = Debug|Any CPU
		{255D67CF-5F3A-4640-8ED8-B68D16963427}.Debug|x86.Build.0 = Debug|Any CPU
		{255D67CF-5F3A-4640-8ED8-B68D16963427}.Release|Any CPU.ActiveCfg = Release|Any CPU
		{255D67CF-5F3A-4640-8ED8-B68D16963427}.Release|Any CPU.Build.0 = Release|Any CPU
		{255D67CF-5F3A-4640-8ED8-B68D16963427}.Release|x64.ActiveCfg = Release|Any CPU
		{255D67CF-5F3A-4640-8ED8-B68D16963427}.Release|x64.Build.0 = Release|Any CPU
		{255D67CF-5F3A-4640-8ED8-B68D16963427}.Release|x86.ActiveCfg = Release|Any CPU
		{255D67CF-5F3A-4640-8ED8-B68D16963427}.Release|x86.Build.0 = Release|Any CPU
		{0CC7A36F-9D57-4540-9A9C-54FCAADEA730}.Debug|Any CPU.ActiveCfg = Debug|Any CPU
		{0CC7A36F-9D57-4540-9A9C-54FCAADEA730}.Debug|Any CPU.Build.0 = Debug|Any CPU
		{0CC7A36F-9D57-4540-9A9C-54FCAADEA730}.Debug|x64.ActiveCfg = Debug|Any CPU
		{0CC7A36F-9D57-4540-9A9C-54FCAADEA730}.Debug|x64.Build.0 = Debug|Any CPU
		{0CC7A36F-9D57-4540-9A9C-54FCAADEA730}.Debug|x86.ActiveCfg = Debug|Any CPU
		{0CC7A36F-9D57-4540-9A9C-54FCAADEA730}.Debug|x86.Build.0 = Debug|Any CPU
		{0CC7A36F-9D57-4540-9A9C-54FCAADEA730}.Release|Any CPU.ActiveCfg = Release|Any CPU
		{0CC7A36F-9D57-4540-9A9C-54FCAADEA730}.Release|Any CPU.Build.0 = Release|Any CPU
		{0CC7A36F-9D57-4540-9A9C-54FCAADEA730}.Release|x64.ActiveCfg = Release|Any CPU
		{0CC7A36F-9D57-4540-9A9C-54FCAADEA730}.Release|x64.Build.0 = Release|Any CPU
		{0CC7A36F-9D57-4540-9A9C-54FCAADEA730}.Release|x86.ActiveCfg = Release|Any CPU
		{0CC7A36F-9D57-4540-9A9C-54FCAADEA730}.Release|x86.Build.0 = Release|Any CPU
		{A3200774-AB07-4467-A2DC-1A85416AFDDF}.Debug|Any CPU.ActiveCfg = Debug|Any CPU
		{A3200774-AB07-4467-A2DC-1A85416AFDDF}.Debug|Any CPU.Build.0 = Debug|Any CPU
		{A3200774-AB07-4467-A2DC-1A85416AFDDF}.Debug|x64.ActiveCfg = Debug|Any CPU
		{A3200774-AB07-4467-A2DC-1A85416AFDDF}.Debug|x64.Build.0 = Debug|Any CPU
		{A3200774-AB07-4467-A2DC-1A85416AFDDF}.Debug|x86.ActiveCfg = Debug|Any CPU
		{A3200774-AB07-4467-A2DC-1A85416AFDDF}.Debug|x86.Build.0 = Debug|Any CPU
		{A3200774-AB07-4467-A2DC-1A85416AFDDF}.Release|Any CPU.ActiveCfg = Release|Any CPU
		{A3200774-AB07-4467-A2DC-1A85416AFDDF}.Release|Any CPU.Build.0 = Release|Any CPU
		{A3200774-AB07-4467-A2DC-1A85416AFDDF}.Release|x64.ActiveCfg = Release|Any CPU
		{A3200774-AB07-4467-A2DC-1A85416AFDDF}.Release|x64.Build.0 = Release|Any CPU
		{A3200774-AB07-4467-A2DC-1A85416AFDDF}.Release|x86.ActiveCfg = Release|Any CPU
		{A3200774-AB07-4467-A2DC-1A85416AFDDF}.Release|x86.Build.0 = Release|Any CPU
		{4D9AF1AB-5152-4AFD-88B7-07C748898814}.Debug|Any CPU.ActiveCfg = Debug|Any CPU
		{4D9AF1AB-5152-4AFD-88B7-07C748898814}.Debug|Any CPU.Build.0 = Debug|Any CPU
		{4D9AF1AB-5152-4AFD-88B7-07C748898814}.Debug|x64.ActiveCfg = Debug|Any CPU
		{4D9AF1AB-5152-4AFD-88B7-07C748898814}.Debug|x64.Build.0 = Debug|Any CPU
		{4D9AF1AB-5152-4AFD-88B7-07C748898814}.Debug|x86.ActiveCfg = Debug|Any CPU
		{4D9AF1AB-5152-4AFD-88B7-07C748898814}.Debug|x86.Build.0 = Debug|Any CPU
		{4D9AF1AB-5152-4AFD-88B7-07C748898814}.Release|Any CPU.ActiveCfg = Release|Any CPU
		{4D9AF1AB-5152-4AFD-88B7-07C748898814}.Release|Any CPU.Build.0 = Release|Any CPU
		{4D9AF1AB-5152-4AFD-88B7-07C748898814}.Release|x64.ActiveCfg = Release|Any CPU
		{4D9AF1AB-5152-4AFD-88B7-07C748898814}.Release|x64.Build.0 = Release|Any CPU
		{4D9AF1AB-5152-4AFD-88B7-07C748898814}.Release|x86.ActiveCfg = Release|Any CPU
		{4D9AF1AB-5152-4AFD-88B7-07C748898814}.Release|x86.Build.0 = Release|Any CPU
		{D940468E-8BE5-4490-8EA7-8E4B0A4807C0}.Debug|Any CPU.ActiveCfg = Debug|Any CPU
		{D940468E-8BE5-4490-8EA7-8E4B0A4807C0}.Debug|Any CPU.Build.0 = Debug|Any CPU
		{D940468E-8BE5-4490-8EA7-8E4B0A4807C0}.Debug|x64.ActiveCfg = Debug|Any CPU
		{D940468E-8BE5-4490-8EA7-8E4B0A4807C0}.Debug|x64.Build.0 = Debug|Any CPU
		{D940468E-8BE5-4490-8EA7-8E4B0A4807C0}.Debug|x86.ActiveCfg = Debug|Any CPU
		{D940468E-8BE5-4490-8EA7-8E4B0A4807C0}.Debug|x86.Build.0 = Debug|Any CPU
		{D940468E-8BE5-4490-8EA7-8E4B0A4807C0}.Release|Any CPU.ActiveCfg = Release|Any CPU
		{D940468E-8BE5-4490-8EA7-8E4B0A4807C0}.Release|Any CPU.Build.0 = Release|Any CPU
		{D940468E-8BE5-4490-8EA7-8E4B0A4807C0}.Release|x64.ActiveCfg = Release|Any CPU
		{D940468E-8BE5-4490-8EA7-8E4B0A4807C0}.Release|x64.Build.0 = Release|Any CPU
		{D940468E-8BE5-4490-8EA7-8E4B0A4807C0}.Release|x86.ActiveCfg = Release|Any CPU
		{D940468E-8BE5-4490-8EA7-8E4B0A4807C0}.Release|x86.Build.0 = Release|Any CPU
		{F4E7BC15-A5EA-4A11-8677-1D9F7248042B}.Debug|Any CPU.ActiveCfg = Debug|Any CPU
		{F4E7BC15-A5EA-4A11-8677-1D9F7248042B}.Debug|Any CPU.Build.0 = Debug|Any CPU
		{F4E7BC15-A5EA-4A11-8677-1D9F7248042B}.Debug|x64.ActiveCfg = Debug|Any CPU
		{F4E7BC15-A5EA-4A11-8677-1D9F7248042B}.Debug|x64.Build.0 = Debug|Any CPU
		{F4E7BC15-A5EA-4A11-8677-1D9F7248042B}.Debug|x86.ActiveCfg = Debug|Any CPU
		{F4E7BC15-A5EA-4A11-8677-1D9F7248042B}.Debug|x86.Build.0 = Debug|Any CPU
		{F4E7BC15-A5EA-4A11-8677-1D9F7248042B}.Release|Any CPU.ActiveCfg = Release|Any CPU
		{F4E7BC15-A5EA-4A11-8677-1D9F7248042B}.Release|Any CPU.Build.0 = Release|Any CPU
		{F4E7BC15-A5EA-4A11-8677-1D9F7248042B}.Release|x64.ActiveCfg = Release|Any CPU
		{F4E7BC15-A5EA-4A11-8677-1D9F7248042B}.Release|x64.Build.0 = Release|Any CPU
		{F4E7BC15-A5EA-4A11-8677-1D9F7248042B}.Release|x86.ActiveCfg = Release|Any CPU
		{F4E7BC15-A5EA-4A11-8677-1D9F7248042B}.Release|x86.Build.0 = Release|Any CPU
		{82F79792-83B0-421F-8039-FE00DED29447}.Debug|Any CPU.ActiveCfg = Debug|Any CPU
		{82F79792-83B0-421F-8039-FE00DED29447}.Debug|Any CPU.Build.0 = Debug|Any CPU
		{82F79792-83B0-421F-8039-FE00DED29447}.Debug|x64.ActiveCfg = Debug|Any CPU
		{82F79792-83B0-421F-8039-FE00DED29447}.Debug|x64.Build.0 = Debug|Any CPU
		{82F79792-83B0-421F-8039-FE00DED29447}.Debug|x86.ActiveCfg = Debug|Any CPU
		{82F79792-83B0-421F-8039-FE00DED29447}.Debug|x86.Build.0 = Debug|Any CPU
		{82F79792-83B0-421F-8039-FE00DED29447}.Release|Any CPU.ActiveCfg = Release|Any CPU
		{82F79792-83B0-421F-8039-FE00DED29447}.Release|Any CPU.Build.0 = Release|Any CPU
		{82F79792-83B0-421F-8039-FE00DED29447}.Release|x64.ActiveCfg = Release|Any CPU
		{82F79792-83B0-421F-8039-FE00DED29447}.Release|x64.Build.0 = Release|Any CPU
		{82F79792-83B0-421F-8039-FE00DED29447}.Release|x86.ActiveCfg = Release|Any CPU
		{82F79792-83B0-421F-8039-FE00DED29447}.Release|x86.Build.0 = Release|Any CPU
		{E9A333AE-576A-4D15-8DA6-1F347E261D46}.Debug|Any CPU.ActiveCfg = Debug|Any CPU
		{E9A333AE-576A-4D15-8DA6-1F347E261D46}.Debug|Any CPU.Build.0 = Debug|Any CPU
		{E9A333AE-576A-4D15-8DA6-1F347E261D46}.Debug|x64.ActiveCfg = Debug|Any CPU
		{E9A333AE-576A-4D15-8DA6-1F347E261D46}.Debug|x64.Build.0 = Debug|Any CPU
		{E9A333AE-576A-4D15-8DA6-1F347E261D46}.Debug|x86.ActiveCfg = Debug|Any CPU
		{E9A333AE-576A-4D15-8DA6-1F347E261D46}.Debug|x86.Build.0 = Debug|Any CPU
		{E9A333AE-576A-4D15-8DA6-1F347E261D46}.Release|Any CPU.ActiveCfg = Release|Any CPU
		{E9A333AE-576A-4D15-8DA6-1F347E261D46}.Release|Any CPU.Build.0 = Release|Any CPU
		{E9A333AE-576A-4D15-8DA6-1F347E261D46}.Release|x64.ActiveCfg = Release|Any CPU
		{E9A333AE-576A-4D15-8DA6-1F347E261D46}.Release|x64.Build.0 = Release|Any CPU
		{E9A333AE-576A-4D15-8DA6-1F347E261D46}.Release|x86.ActiveCfg = Release|Any CPU
		{E9A333AE-576A-4D15-8DA6-1F347E261D46}.Release|x86.Build.0 = Release|Any CPU
		{B1FBED63-A203-4213-80D7-955A3D414779}.Debug|Any CPU.ActiveCfg = Debug|Any CPU
		{B1FBED63-A203-4213-80D7-955A3D414779}.Debug|Any CPU.Build.0 = Debug|Any CPU
		{B1FBED63-A203-4213-80D7-955A3D414779}.Debug|x64.ActiveCfg = Debug|Any CPU
		{B1FBED63-A203-4213-80D7-955A3D414779}.Debug|x64.Build.0 = Debug|Any CPU
		{B1FBED63-A203-4213-80D7-955A3D414779}.Debug|x86.ActiveCfg = Debug|Any CPU
		{B1FBED63-A203-4213-80D7-955A3D414779}.Debug|x86.Build.0 = Debug|Any CPU
		{B1FBED63-A203-4213-80D7-955A3D414779}.Release|Any CPU.ActiveCfg = Release|Any CPU
		{B1FBED63-A203-4213-80D7-955A3D414779}.Release|Any CPU.Build.0 = Release|Any CPU
		{B1FBED63-A203-4213-80D7-955A3D414779}.Release|x64.ActiveCfg = Release|Any CPU
		{B1FBED63-A203-4213-80D7-955A3D414779}.Release|x64.Build.0 = Release|Any CPU
		{B1FBED63-A203-4213-80D7-955A3D414779}.Release|x86.ActiveCfg = Release|Any CPU
		{B1FBED63-A203-4213-80D7-955A3D414779}.Release|x86.Build.0 = Release|Any CPU
	EndGlobalSection
	GlobalSection(SolutionProperties) = preSolution
		HideSolutionNode = FALSE
	EndGlobalSection
	GlobalSection(NestedProjects) = preSolution
		{00F1425D-3ED9-49F2-9598-EC6EDAA5D469} = {827E0CD3-B72D-47B6-A68D-7590B98EB39B}
		{FE1CA91B-FF3C-417E-8450-66C52C73E4A0} = {827E0CD3-B72D-47B6-A68D-7590B98EB39B}
		{7E62CBF0-4119-49D7-BEC6-F42EC8268E7A} = {827E0CD3-B72D-47B6-A68D-7590B98EB39B}
		{F3B6789C-5C21-438E-965C-EC6E149D13C5} = {827E0CD3-B72D-47B6-A68D-7590B98EB39B}
		{CA257C04-433D-4D19-B3B8-93D6B86C7901} = {827E0CD3-B72D-47B6-A68D-7590B98EB39B}
		{255D67CF-5F3A-4640-8ED8-B68D16963427} = {827E0CD3-B72D-47B6-A68D-7590B98EB39B}
		{0CC7A36F-9D57-4540-9A9C-54FCAADEA730} = {827E0CD3-B72D-47B6-A68D-7590B98EB39B}
		{A3200774-AB07-4467-A2DC-1A85416AFDDF} = {827E0CD3-B72D-47B6-A68D-7590B98EB39B}
		{4D9AF1AB-5152-4AFD-88B7-07C748898814} = {827E0CD3-B72D-47B6-A68D-7590B98EB39B}
		{D940468E-8BE5-4490-8EA7-8E4B0A4807C0} = {0AB3BF05-4346-4AA6-1389-037BE0695223}
		{F4E7BC15-A5EA-4A11-8677-1D9F7248042B} = {0AB3BF05-4346-4AA6-1389-037BE0695223}
		{82F79792-83B0-421F-8039-FE00DED29447} = {0AB3BF05-4346-4AA6-1389-037BE0695223}
		{E9A333AE-576A-4D15-8DA6-1F347E261D46} = {0AB3BF05-4346-4AA6-1389-037BE0695223}
		{B1FBED63-A203-4213-80D7-955A3D414779} = {0AB3BF05-4346-4AA6-1389-037BE0695223}
	EndGlobalSection
EndGlobal
